// !$*UTF8*$!
{
	archiveVersion = 1;
	classes = {
	};
	objectVersion = 46;
	objects = {

/* Begin PBXBuildFile section */
		89D8BECA1D529388000AACBD /* main.m in Sources */ = {isa = PBXBuildFile; fileRef = 89D8BEC91D529388000AACBD /* main.m */; };
		89D8BECD1D529388000AACBD /* AppDelegate.m in Sources */ = {isa = PBXBuildFile; fileRef = 89D8BECC1D529388000AACBD /* AppDelegate.m */; };
		89D8BED01D529388000AACBD /* ViewController.m in Sources */ = {isa = PBXBuildFile; fileRef = 89D8BECF1D529388000AACBD /* ViewController.m */; };
		89D8BED31D529388000AACBD /* Main.storyboard in Resources */ = {isa = PBXBuildFile; fileRef = 89D8BED11D529388000AACBD /* Main.storyboard */; };
		89D8BED51D529388000AACBD /* Assets.xcassets in Resources */ = {isa = PBXBuildFile; fileRef = 89D8BED41D529388000AACBD /* Assets.xcassets */; };
		89D8BED81D529388000AACBD /* LaunchScreen.storyboard in Resources */ = {isa = PBXBuildFile; fileRef = 89D8BED61D529388000AACBD /* LaunchScreen.storyboard */; };
/* End PBXBuildFile section */

/* Begin PBXFileReference section */
		89D8BEC51D529388000AACBD /* MazeRunner.app */ = {isa = PBXFileReference; explicitFileType = wrapper.application; includeInIndex = 0; path = MazeRunner.app; sourceTree = BUILT_PRODUCTS_DIR; };
		89D8BEC91D529388000AACBD /* main.m */ = {isa = PBXFileReference; lastKnownFileType = sourcecode.c.objc; path = main.m; sourceTree = "<group>"; };
		89D8BECB1D529388000AACBD /* AppDelegate.h */ = {isa = PBXFileReference; lastKnownFileType = sourcecode.c.h; path = AppDelegate.h; sourceTree = "<group>"; };
		89D8BECC1D529388000AACBD /* AppDelegate.m */ = {isa = PBXFileReference; lastKnownFileType = sourcecode.c.objc; path = AppDelegate.m; sourceTree = "<group>"; };
		89D8BECE1D529388000AACBD /* ViewController.h */ = {isa = PBXFileReference; lastKnownFileType = sourcecode.c.h; path = ViewController.h; sourceTree = "<group>"; };
		89D8BECF1D529388000AACBD /* ViewController.m */ = {isa = PBXFileReference; lastKnownFileType = sourcecode.c.objc; path = ViewController.m; sourceTree = "<group>"; };
		89D8BED21D529388000AACBD /* Base */ = {isa = PBXFileReference; lastKnownFileType = file.storyboard; name = Base; path = Base.lproj/Main.storyboard; sourceTree = "<group>"; };
		89D8BED41D529388000AACBD /* Assets.xcassets */ = {isa = PBXFileReference; lastKnownFileType = folder.assetcatalog; path = Assets.xcassets; sourceTree = "<group>"; };
		89D8BED71D529388000AACBD /* Base */ = {isa = PBXFileReference; lastKnownFileType = file.storyboard; name = Base; path = Base.lproj/LaunchScreen.storyboard; sourceTree = "<group>"; };
		89D8BED91D529388000AACBD /* Info.plist */ = {isa = PBXFileReference; lastKnownFileType = text.plist.xml; path = Info.plist; sourceTree = "<group>"; };
/* End PBXFileReference section */

/* Begin PBXFrameworksBuildPhase section */
		89D8BEC21D529388000AACBD /* Frameworks */ = {
			isa = PBXFrameworksBuildPhase;
			buildActionMask = 2147483647;
			files = (
			);
			runOnlyForDeploymentPostprocessing = 0;
		};
/* End PBXFrameworksBuildPhase section */

/* Begin PBXGroup section */
		89D8BEBC1D529388000AACBD = {
			isa = PBXGroup;
			children = (
				89D8BEC71D529388000AACBD /* MazeRunner */,
				89D8BEC61D529388000AACBD /* Products */,
			);
			sourceTree = "<group>";
		};
		89D8BEC61D529388000AACBD /* Products */ = {
			isa = PBXGroup;
			children = (
				89D8BEC51D529388000AACBD /* MazeRunner.app */,
			);
			name = Products;
			sourceTree = "<group>";
		};
		89D8BEC71D529388000AACBD /* MazeRunner */ = {
			isa = PBXGroup;
			children = (
				89D8BECB1D529388000AACBD /* AppDelegate.h */,
				89D8BECC1D529388000AACBD /* AppDelegate.m */,
				89D8BECE1D529388000AACBD /* ViewController.h */,
				89D8BECF1D529388000AACBD /* ViewController.m */,
				89D8BED11D529388000AACBD /* Main.storyboard */,
				89D8BED41D529388000AACBD /* Assets.xcassets */,
				89D8BED61D529388000AACBD /* LaunchScreen.storyboard */,
				89D8BED91D529388000AACBD /* Info.plist */,
				89D8BEC81D529388000AACBD /* Supporting Files */,
			);
			path = MazeRunner;
			sourceTree = "<group>";
		};
		89D8BEC81D529388000AACBD /* Supporting Files */ = {
			isa = PBXGroup;
			children = (
				89D8BEC91D529388000AACBD /* main.m */,
			);
			name = "Supporting Files";
			sourceTree = "<group>";
		};
/* End PBXGroup section */

/* Begin PBXNativeTarget section */
		89D8BEC41D529388000AACBD /* MazeRunner */ = {
			isa = PBXNativeTarget;
			buildConfigurationList = 89D8BEDC1D529388000AACBD /* Build configuration list for PBXNativeTarget "MazeRunner" */;
			buildPhases = (
				89D8BEC11D529388000AACBD /* Sources */,
				89D8BEC21D529388000AACBD /* Frameworks */,
				89D8BEC31D529388000AACBD /* Resources */,
			);
			buildRules = (
			);
			dependencies = (
			);
			name = MazeRunner;
			productName = MazeRunner;
			productReference = 89D8BEC51D529388000AACBD /* MazeRunner.app */;
			productType = "com.apple.product-type.application";
		};
/* End PBXNativeTarget section */

/* Begin PBXProject section */
		89D8BEBD1D529388000AACBD /* Project object */ = {
			isa = PBXProject;
			attributes = {
				LastUpgradeCheck = 0730;
				ORGANIZATIONNAME = "William Lundy";
				TargetAttributes = {
					89D8BEC41D529388000AACBD = {
						CreatedOnToolsVersion = 7.3.1;
						DevelopmentTeam = RF4M534773;
					};
				};
			};
			buildConfigurationList = 89D8BEC01D529388000AACBD /* Build configuration list for PBXProject "MazeRunner" */;
			compatibilityVersion = "Xcode 3.2";
			developmentRegion = English;
			hasScannedForEncodings = 0;
			knownRegions = (
				en,
				Base,
			);
			mainGroup = 89D8BEBC1D529388000AACBD;
			productRefGroup = 89D8BEC61D529388000AACBD /* Products */;
			projectDirPath = "";
			projectRoot = "";
			targets = (
				89D8BEC41D529388000AACBD /* MazeRunner */,
			);
		};
/* End PBXProject section */

/* Begin PBXResourcesBuildPhase section */
		89D8BEC31D529388000AACBD /* Resources */ = {
			isa = PBXResourcesBuildPhase;
			buildActionMask = 2147483647;
			files = (
				89D8BED81D529388000AACBD /* LaunchScreen.storyboard in Resources */,
				89D8BED51D529388000AACBD /* Assets.xcassets in Resources */,
				89D8BED31D529388000AACBD /* Main.storyboard in Resources */,
			);
			runOnlyForDeploymentPostprocessing = 0;
		};
/* End PBXResourcesBuildPhase section */

/* Begin PBXSourcesBuildPhase section */
		89D8BEC11D529388000AACBD /* Sources */ = {
			isa = PBXSourcesBuildPhase;
			buildActionMask = 2147483647;
			files = (
				89D8BED01D529388000AACBD /* ViewController.m in Sources */,
				89D8BECD1D529388000AACBD /* AppDelegate.m in Sources */,
				89D8BECA1D529388000AACBD /* main.m in Sources */,
			);
			runOnlyForDeploymentPostprocessing = 0;
		};
/* End PBXSourcesBuildPhase section */

/* Begin PBXVariantGroup section */
		89D8BED11D529388000AACBD /* Main.storyboard */ = {
			isa = PBXVariantGroup;
			children = (
				89D8BED21D529388000AACBD /* Base */,
			);
			name = Main.storyboard;
			sourceTree = "<group>";
		};
		89D8BED61D529388000AACBD /* LaunchScreen.storyboard */ = {
			isa = PBXVariantGroup;
			children = (
				89D8BED71D529388000AACBD /* Base */,
			);
			name = LaunchScreen.storyboard;
			sourceTree = "<group>";
		};
/* End PBXVariantGroup section */

/* Begin XCBuildConfiguration section */
		89D8BEDA1D529388000AACBD /* Debug */ = {
			isa = XCBuildConfiguration;
			buildSettings = {
				ALWAYS_SEARCH_USER_PATHS = NO;
				CLANG_ANALYZER_NONNULL = YES;
				CLANG_CXX_LANGUAGE_STANDARD = "gnu++0x";
				CLANG_CXX_LIBRARY = "libc++";
				CLANG_ENABLE_MODULES = YES;
				CLANG_ENABLE_OBJC_ARC = YES;
				CLANG_WARN_BOOL_CONVERSION = YES;
				CLANG_WARN_CONSTANT_CONVERSION = YES;
				CLANG_WARN_DIRECT_OBJC_ISA_USAGE = YES_ERROR;
				CLANG_WARN_EMPTY_BODY = YES;
				CLANG_WARN_ENUM_CONVERSION = YES;
				CLANG_WARN_INT_CONVERSION = YES;
				CLANG_WARN_OBJC_ROOT_CLASS = YES_ERROR;
				CLANG_WARN_UNREACHABLE_CODE = YES;
				CLANG_WARN__DUPLICATE_METHOD_MATCH = YES;
				"CODE_SIGN_IDENTITY[sdk=iphoneos*]" = "iPhone Developer";
				COPY_PHASE_STRIP = NO;
				DEBUG_INFORMATION_FORMAT = dwarf;
				ENABLE_STRICT_OBJC_MSGSEND = YES;
				ENABLE_TESTABILITY = YES;
				GCC_C_LANGUAGE_STANDARD = gnu99;
				GCC_DYNAMIC_NO_PIC = NO;
				GCC_NO_COMMON_BLOCKS = YES;
				GCC_OPTIMIZATION_LEVEL = 0;
				GCC_PREPROCESSOR_DEFINITIONS = (
					"DEBUG=1",
					"$(inherited)",
				);
				GCC_WARN_64_TO_32_BIT_CONVERSION = YES;
				GCC_WARN_ABOUT_RETURN_TYPE = YES_ERROR;
				GCC_WARN_UNDECLARED_SELECTOR = YES;
				GCC_WARN_UNINITIALIZED_AUTOS = YES_AGGRESSIVE;
				GCC_WARN_UNUSED_FUNCTION = YES;
				GCC_WARN_UNUSED_VARIABLE = YES;
				IPHONEOS_DEPLOYMENT_TARGET = 9.3;
				MTL_ENABLE_DEBUG_INFO = YES;
				ONLY_ACTIVE_ARCH = YES;
				SDKROOT = iphoneos;
			};
			name = Debug;
		};
		89D8BEDB1D529388000AACBD /* Release */ = {
			isa = XCBuildConfiguration;
			buildSettings = {
				ALWAYS_SEARCH_USER_PATHS = NO;
				CLANG_ANALYZER_NONNULL = YES;
				CLANG_CXX_LANGUAGE_STANDARD = "gnu++0x";
				CLANG_CXX_LIBRARY = "libc++";
				CLANG_ENABLE_MODULES = YES;
				CLANG_ENABLE_OBJC_ARC = YES;
				CLANG_WARN_BOOL_CONVERSION = YES;
				CLANG_WARN_CONSTANT_CONVERSION = YES;
				CLANG_WARN_DIRECT_OBJC_ISA_USAGE = YES_ERROR;
				CLANG_WARN_EMPTY_BODY = YES;
				CLANG_WARN_ENUM_CONVERSION = YES;
				CLANG_WARN_INT_CONVERSION = YES;
				CLANG_WARN_OBJC_ROOT_CLASS = YES_ERROR;
				CLANG_WARN_UNREACHABLE_CODE = YES;
				CLANG_WARN__DUPLICATE_METHOD_MATCH = YES;
				"CODE_SIGN_IDENTITY[sdk=iphoneos*]" = "iPhone Developer";
				COPY_PHASE_STRIP = NO;
				DEBUG_INFORMATION_FORMAT = "dwarf-with-dsym";
				ENABLE_NS_ASSERTIONS = NO;
				ENABLE_STRICT_OBJC_MSGSEND = YES;
				GCC_C_LANGUAGE_STANDARD = gnu99;
				GCC_NO_COMMON_BLOCKS = YES;
				GCC_WARN_64_TO_32_BIT_CONVERSION = YES;
				GCC_WARN_ABOUT_RETURN_TYPE = YES_ERROR;
				GCC_WARN_UNDECLARED_SELECTOR = YES;
				GCC_WARN_UNINITIALIZED_AUTOS = YES_AGGRESSIVE;
				GCC_WARN_UNUSED_FUNCTION = YES;
				GCC_WARN_UNUSED_VARIABLE = YES;
				IPHONEOS_DEPLOYMENT_TARGET = 9.3;
				MTL_ENABLE_DEBUG_INFO = NO;
				SDKROOT = iphoneos;
				VALIDATE_PRODUCT = YES;
			};
			name = Release;
		};
		89D8BEDD1D529388000AACBD /* Debug */ = {
			isa = XCBuildConfiguration;
			buildSettings = {
				ASSETCATALOG_COMPILER_APPICON_NAME = AppIcon;
				INFOPLIST_FILE = MazeRunner/Info.plist;
				LD_RUNPATH_SEARCH_PATHS = "$(inherited) @executable_path/Frameworks";
				PRODUCT_BUNDLE_IDENTIFIER = Pop.MazeRunner;
				PRODUCT_NAME = "$(TARGET_NAME)";
			};
			name = Debug;
		};
		89D8BEDE1D529388000AACBD /* Release */ = {
			isa = XCBuildConfiguration;
			buildSettings = {
				ASSETCATALOG_COMPILER_APPICON_NAME = AppIcon;
				INFOPLIST_FILE = MazeRunner/Info.plist;
				LD_RUNPATH_SEARCH_PATHS = "$(inherited) @executable_path/Frameworks";
				PRODUCT_BUNDLE_IDENTIFIER = Pop.MazeRunner;
				PRODUCT_NAME = "$(TARGET_NAME)";
			};
			name = Release;
		};
/* End XCBuildConfiguration section */

/* Begin XCConfigurationList section */
		89D8BEC01D529388000AACBD /* Build configuration list for PBXProject "MazeRunner" */ = {
			isa = XCConfigurationList;
			buildConfigurations = (
				89D8BEDA1D529388000AACBD /* Debug */,
				89D8BEDB1D529388000AACBD /* Release */,
			);
			defaultConfigurationIsVisible = 0;
			defaultConfigurationName = Release;
		};
		89D8BEDC1D529388000AACBD /* Build configuration list for PBXNativeTarget "MazeRunner" */ = {
			isa = XCConfigurationList;
			buildConfigurations = (
				89D8BEDD1D529388000AACBD /* Debug */,
				89D8BEDE1D529388000AACBD /* Release */,
			);
			defaultConfigurationIsVisible = 0;
		};
/* End XCConfigurationList section */
	};
	rootObject = 89D8BEBD1D529388000AACBD /* Project object */;
}
